
Microsoft Visual Studio Solution File, Format Version 12.00
# Visual Studio Version 16
VisualStudioVersion = 16.0.32630.194
MinimumVisualStudioVersion = 10.0.40219.1
Project("{FAE04EC0-301F-11D3-BF4B-00C04F79EFBC}") = "HeranPolimEx1", "HeranPolimEx1\HeranPolimEx1.csproj", "{DDD4FBB0-70E0-47E5-AE57-A8E7D2DD22C5}"
EndProject
Global
	GlobalSection(SolutionConfigurationPlatforms) = preSolution
		Debug|Any CPU = Debug|Any CPU
		Release|Any CPU = Release|Any CPU
	EndGlobalSection
	GlobalSection(ProjectConfigurationPlatforms) = postSolution
		{DDD4FBB0-70E0-47E5-AE57-A8E7D2DD22C5}.Debug|Any CPU.ActiveCfg = Debug|Any CPU
		{DDD4FBB0-70E0-47E5-AE57-A8E7D2DD22C5}.Debug|Any CPU.Build.0 = Debug|Any CPU
		{DDD4FBB0-70E0-47E5-AE57-A8E7D2DD22C5}.Release|Any CPU.ActiveCfg = Release|Any CPU
		{DDD4FBB0-70E0-47E5-AE57-A8E7D2DD22C5}.Release|Any CPU.Build.0 = Release|Any CPU
	EndGlobalSection
	GlobalSection(SolutionProperties) = preSolution
		HideSolutionNode = FALSE
	EndGlobalSection
	GlobalSection(ExtensibilityGlobals) = postSolution
		SolutionGuid = {33F223C0-9E50-46A2-A672-424E938AA461}
	EndGlobalSection
EndGlobal
